
Microsoft Visual Studio Solution File, Format Version 12.00
Project("{FAE04EC0-301F-11D3-BF4B-00C04F79EFBC}") = "Asynchronous Operations", "Asynchronous Operations.csproj", "{1420A493-6576-4B99-99C7-0769C22C1F34}"
EndProject
Project("{FAE04EC0-301F-11D3-BF4B-00C04F79EFBC}") = "Asynchronous Operations Core", "Asynchronous Operations Core\Asynchronous Operations Core.csproj", "{F6B83DFD-023B-4246-BF78-0508AD48CEFD}"
EndProject
Global
	GlobalSection(SolutionConfigurationPlatforms) = preSolution
		Debug|Any CPU = Debug|Any CPU
		Release|Any CPU = Release|Any CPU
	EndGlobalSection
	GlobalSection(ProjectConfigurationPlatforms) = postSolution
		{1420A493-6576-4B99-99C7-0769C22C1F34}.Debug|Any CPU.ActiveCfg = Debug|Any CPU
		{1420A493-6576-4B99-99C7-0769C22C1F34}.Debug|Any CPU.Build.0 = Debug|Any CPU
		{1420A493-6576-4B99-99C7-0769C22C1F34}.Release|Any CPU.ActiveCfg = Release|Any CPU
		{1420A493-6576-4B99-99C7-0769C22C1F34}.Release|Any CPU.Build.0 = Release|Any CPU
		{F6B83DFD-023B-4246-BF78-0508AD48CEFD}.Debug|Any CPU.ActiveCfg = Debug|Any CPU
		{F6B83DFD-023B-4246-BF78-0508AD48CEFD}.Debug|Any CPU.Build.0 = Debug|Any CPU
		{F6B83DFD-023B-4246-BF78-0508AD48CEFD}.Release|Any CPU.ActiveCfg = Release|Any CPU
		{F6B83DFD-023B-4246-BF78-0508AD48CEFD}.Release|Any CPU.Build.0 = Release|Any CPU
	EndGlobalSection
EndGlobal
